// !$*UTF8*$!
{
	archiveVersion = 1;
	classes = {
	};
	objectVersion = 46;
	objects = {

/* Begin PBXBuildFile section */
		69F64C4D193F3D7F00217486 /* main.m in Sources */ = {isa = PBXBuildFile; fileRef = 69F64C4C193F3D7F00217486 /* main.m */; };
		69F64C5F193F406500217486 /* Objective.m in Sources */ = {isa = PBXBuildFile; fileRef = 69F64C5E193F406500217486 /* Objective.m */; };
		69F64C67193F41B700217486 /* SwiftObj.swift in Sources */ = {isa = PBXBuildFile; fileRef = 69F64C66193F41B700217486 /* SwiftObj.swift */; };
/* End PBXBuildFile section */

/* Begin PBXCopyFilesBuildPhase section */
		69F64C47193F3D7F00217486 /* CopyFiles */ = {
			isa = PBXCopyFilesBuildPhase;
			buildActionMask = 2147483647;
			dstPath = /usr/share/man/man1/;
			dstSubfolderSpec = 0;
			files = (
			);
			runOnlyForDeploymentPostprocessing = 1;
		};
/* End PBXCopyFilesBuildPhase section */

/* Begin PBXFileReference section */
		69F64C49193F3D7F00217486 /* swift_objc */ = {isa = PBXFileReference; explicitFileType = "compiled.mach-o.executable"; includeInIndex = 0; path = swift_objc; sourceTree = BUILT_PRODUCTS_DIR; };
		69F64C4C193F3D7F00217486 /* main.m */ = {isa = PBXFileReference; lastKnownFileType = sourcecode.c.objc; path = main.m; sourceTree = "<group>"; };
		69F64C53193F3DD700217486 /* swift_objc-Bridging-Header.h */ = {isa = PBXFileReference; lastKnownFileType = sourcecode.c.h; path = "swift_objc-Bridging-Header.h"; sourceTree = "<group>"; };
		69F64C5D193F406500217486 /* Objective.h */ = {isa = PBXFileReference; fileEncoding = 4; lastKnownFileType = sourcecode.c.h; path = Objective.h; sourceTree = "<group>"; };
		69F64C5E193F406500217486 /* Objective.m */ = {isa = PBXFileReference; fileEncoding = 4; lastKnownFileType = sourcecode.c.objc; path = Objective.m; sourceTree = "<group>"; };
		69F64C66193F41B700217486 /* SwiftObj.swift */ = {isa = PBXFileReference; fileEncoding = 4; lastKnownFileType = sourcecode.swift; path = SwiftObj.swift; sourceTree = "<group>"; };
/* End PBXFileReference section */

/* Begin PBXFrameworksBuildPhase section */
		69F64C46193F3D7F00217486 /* Frameworks */ = {
			isa = PBXFrameworksBuildPhase;
			buildActionMask = 2147483647;
			files = (
			);
			runOnlyForDeploymentPostprocessing = 0;
		};
/* End PBXFrameworksBuildPhase section */

/* Begin PBXGroup section */
		69F64C40193F3D7F00217486 = {
			isa = PBXGroup;
			children = (
				69F64C4B193F3D7F00217486 /* swift_objc */,
				69F64C4A193F3D7F00217486 /* Products */,
			);
			sourceTree = "<group>";
		};
		69F64C4A193F3D7F00217486 /* Products */ = {
			isa = PBXGroup;
			children = (
				69F64C49193F3D7F00217486 /* swift_objc */,
			);
			name = Products;
			sourceTree = "<group>";
		};
		69F64C4B193F3D7F00217486 /* swift_objc */ = {
			isa = PBXGroup;
			children = (
				69F64C4C193F3D7F00217486 /* main.m */,
				69F64C53193F3DD700217486 /* swift_objc-Bridging-Header.h */,
				69F64C5D193F406500217486 /* Objective.h */,
				69F64C5E193F406500217486 /* Objective.m */,
				69F64C66193F41B700217486 /* SwiftObj.swift */,
			);
			path = swift_objc;
			sourceTree = "<group>";
		};
/* End PBXGroup section */

/* Begin PBXNativeTarget section */
		69F64C48193F3D7F00217486 /* swift_objc */ = {
			isa = PBXNativeTarget;
			buildConfigurationList = 69F64C50193F3D7F00217486 /* Build configuration list for PBXNativeTarget "swift_objc" */;
			buildPhases = (
				69F64C45193F3D7F00217486 /* Sources */,
				69F64C46193F3D7F00217486 /* Frameworks */,
				69F64C47193F3D7F00217486 /* CopyFiles */,
			);
			buildRules = (
			);
			dependencies = (
			);
			name = swift_objc;
			productName = swift_objc;
			productReference = 69F64C49193F3D7F00217486 /* swift_objc */;
			productType = "com.apple.product-type.tool";
		};
/* End PBXNativeTarget section */

/* Begin PBXProject section */
		69F64C41193F3D7F00217486 /* Project object */ = {
			isa = PBXProject;
			attributes = {
				LastUpgradeCheck = 0600;
				ORGANIZATIONNAME = Anselz;
				TargetAttributes = {
					69F64C48193F3D7F00217486 = {
						CreatedOnToolsVersion = 6.0;
					};
				};
			};
			buildConfigurationList = 69F64C44193F3D7F00217486 /* Build configuration list for PBXProject "swift_objc" */;
			compatibilityVersion = "Xcode 3.2";
			developmentRegion = English;
			hasScannedForEncodings = 0;
			knownRegions = (
				en,
			);
			mainGroup = 69F64C40193F3D7F00217486;
			productRefGroup = 69F64C4A193F3D7F00217486 /* Products */;
			projectDirPath = "";
			projectRoot = "";
			targets = (
				69F64C48193F3D7F00217486 /* swift_objc */,
			);
		};
/* End PBXProject section */

/* Begin PBXSourcesBuildPhase section */
		69F64C45193F3D7F00217486 /* Sources */ = {
			isa = PBXSourcesBuildPhase;
			buildActionMask = 2147483647;
			files = (
				69F64C67193F41B700217486 /* SwiftObj.swift in Sources */,
				69F64C4D193F3D7F00217486 /* main.m in Sources */,
				69F64C5F193F406500217486 /* Objective.m in Sources */,
			);
			runOnlyForDeploymentPostprocessing = 0;
		};
/* End PBXSourcesBuildPhase section */

/* Begin XCBuildConfiguration section */
		69F64C4E193F3D7F00217486 /* Debug */ = {
			isa = XCBuildConfiguration;
			buildSettings = {
				ALWAYS_SEARCH_USER_PATHS = NO;
				CLANG_CXX_LANGUAGE_STANDARD = "gnu++0x";
				CLANG_CXX_LIBRARY = "libc++";
				CLANG_ENABLE_MODULES = YES;
				CLANG_ENABLE_OBJC_ARC = YES;
				CLANG_WARN_BOOL_CONVERSION = YES;
				CLANG_WARN_CONSTANT_CONVERSION = YES;
				CLANG_WARN_DIRECT_OBJC_ISA_USAGE = YES_ERROR;
				CLANG_WARN_EMPTY_BODY = YES;
				CLANG_WARN_ENUM_CONVERSION = YES;
				CLANG_WARN_INT_CONVERSION = YES;
				CLANG_WARN_OBJC_ROOT_CLASS = YES_ERROR;
				CLANG_WARN_UNREACHABLE_CODE = YES;
				CLANG_WARN__DUPLICATE_METHOD_MATCH = YES;
				COPY_PHASE_STRIP = NO;
				ENABLE_STRICT_OBJC_MSGSEND = YES;
				GCC_C_LANGUAGE_STANDARD = gnu99;
				GCC_DYNAMIC_NO_PIC = NO;
				GCC_OPTIMIZATION_LEVEL = 0;
				GCC_PREPROCESSOR_DEFINITIONS = (
					"DEBUG=1",
					"$(inherited)",
				);
				GCC_SYMBOLS_PRIVATE_EXTERN = NO;
				GCC_WARN_64_TO_32_BIT_CONVERSION = YES;
				GCC_WARN_ABOUT_RETURN_TYPE = YES_ERROR;
				GCC_WARN_UNDECLARED_SELECTOR = YES;
				GCC_WARN_UNINITIALIZED_AUTOS = YES_AGGRESSIVE;
				GCC_WARN_UNUSED_FUNCTION = YES;
				GCC_WARN_UNUSED_VARIABLE = YES;
				MACOSX_DEPLOYMENT_TARGET = 10.9;
				METAL_ENABLE_DEBUG_INFO = YES;
				ONLY_ACTIVE_ARCH = YES;
				SDKROOT = macosx;
			};
			name = Debug;
		};
		69F64C4F193F3D7F00217486 /* Release */ = {
			isa = XCBuildConfiguration;
			buildSettings = {
				ALWAYS_SEARCH_USER_PATHS = NO;
				CLANG_CXX_LANGUAGE_STANDARD = "gnu++0x";
				CLANG_CXX_LIBRARY = "libc++";
				CLANG_ENABLE_MODULES = YES;
				CLANG_ENABLE_OBJC_ARC = YES;
				CLANG_WARN_BOOL_CONVERSION = YES;
				CLANG_WARN_CONSTANT_CONVERSION = YES;
				CLANG_WARN_DIRECT_OBJC_ISA_USAGE = YES_ERROR;
				CLANG_WARN_EMPTY_BODY = YES;
				CLANG_WARN_ENUM_CONVERSION = YES;
				CLANG_WARN_INT_CONVERSION = YES;
				CLANG_WARN_OBJC_ROOT_CLASS = YES_ERROR;
				CLANG_WARN_UNREACHABLE_CODE = YES;
				CLANG_WARN__DUPLICATE_METHOD_MATCH = YES;
				COPY_PHASE_STRIP = YES;
				DEBUG_INFORMATION_FORMAT = "dwarf-with-dsym";
				ENABLE_NS_ASSERTIONS = NO;
				ENABLE_STRICT_OBJC_MSGSEND = YES;
				GCC_C_LANGUAGE_STANDARD = gnu99;
				GCC_WARN_64_TO_32_BIT_CONVERSION = YES;
				GCC_WARN_ABOUT_RETURN_TYPE = YES_ERROR;
				GCC_WARN_UNDECLARED_SELECTOR = YES;
				GCC_WARN_UNINITIALIZED_AUTOS = YES_AGGRESSIVE;
				GCC_WARN_UNUSED_FUNCTION = YES;
				GCC_WARN_UNUSED_VARIABLE = YES;
				MACOSX_DEPLOYMENT_TARGET = 10.9;
				METAL_ENABLE_DEBUG_INFO = NO;
				SDKROOT = macosx;
			};
			name = Release;
		};
		69F64C51193F3D7F00217486 /* Debug */ = {
			isa = XCBuildConfiguration;
			buildSettings = {
				CLANG_ENABLE_MODULES = YES;
				LD_RUNPATH_SEARCH_PATHS = "$(inherited) @executable_path/../Frameworks @loader_path/../Frameworks";
				PRODUCT_NAME = "$(TARGET_NAME)";
				SWIFT_OBJC_BRIDGING_HEADER = "swift_objc/swift_objc-Bridging-Header.h";
				SWIFT_OPTIMIZATION_LEVEL = "-Onone";
			};
			name = Debug;
		};
		69F64C52193F3D7F00217486 /* Release */ = {
			isa = XCBuildConfiguration;
			buildSettings = {
				CLANG_ENABLE_MODULES = YES;
				LD_RUNPATH_SEARCH_PATHS = "$(inherited) @executable_path/../Frameworks @loader_path/../Frameworks";
				PRODUCT_NAME = "$(TARGET_NAME)";
				SWIFT_OBJC_BRIDGING_HEADER = "swift_objc/swift_objc-Bridging-Header.h";
			};
			name = Release;
		};
/* End XCBuildConfiguration section */

/* Begin XCConfigurationList section */
		69F64C44193F3D7F00217486 /* Build configuration list for PBXProject "swift_objc" */ = {
			isa = XCConfigurationList;
			buildConfigurations = (
				69F64C4E193F3D7F00217486 /* Debug */,
				69F64C4F193F3D7F00217486 /* Release */,
			);
			defaultConfigurationIsVisible = 0;
			defaultConfigurationName = Release;
		};
		69F64C50193F3D7F00217486 /* Build configuration list for PBXNativeTarget "swift_objc" */ = {
			isa = XCConfigurationList;
			buildConfigurations = (
				69F64C51193F3D7F00217486 /* Debug */,
				69F64C52193F3D7F00217486 /* Release */,
			);
			defaultConfigurationIsVisible = 0;
			defaultConfigurationName = Release;
		};
/* End XCConfigurationList section */
	};
	rootObject = 69F64C41193F3D7F00217486 /* Project object */;
}
